{
  "version": 4,
  "terraform_version": "1.12.2",
  "serial": 5,
  "lineage": "d539f95f-79d2-cea1-6ae7-535b1f77302d",
  "outputs": {
    "account_id": {
      "value": "381492065562",
      "type": "string"
    },
    "cluster_name": {
      "value": "locadora-cluster",
      "type": "string"
    },
    "region": {
      "value": "us-east-1",
      "type": "string"
    },
    "security_group_id": {
      "value": "sg-0e04876702e6ab138",
      "type": "string"
    },
    "service_name": {
      "value": "locadora-service",
      "type": "string"
    },
    "subnet_ids": {
      "value": [
        "subnet-07b95640978d93964",
        "subnet-00220804c631ab747",
        "subnet-05c5d336e5684cb48",
        "subnet-010c0538deeda8e93",
        "subnet-069e8ec364be9fcad",
        "subnet-03d89f88575433de3"
      ],
      "type": [
        "list",
        "string"
      ]
    },
    "task_definition": {
      "value": "arn:aws:ecs:us-east-1:381492065562:task-definition/locadora-task:8",
      "type": "string"
    },
    "vpc_id": {
      "value": "vpc-04aa0871ae6967240",
      "type": "string"
    }
  },
  "resources": [
    {
      "mode": "data",
      "type": "aws_caller_identity",
      "name": "current",
      "provider": "provider[\"registry.terraform.io/hashicorp/aws\"]",
      "instances": [
        {
          "schema_version": 0,
          "attributes": {
            "account_id": "381492065562",
            "arn": "arn:aws:sts::381492065562:assumed-role/voclabs/user4327154=Matheus_Serafim",
            "id": "381492065562",
            "user_id": "AROAVRUVS6UNJHTA7DKPX:user4327154=Matheus_Serafim"
          },
          "sensitive_attributes": [],
          "identity_schema_version": 0
        }
      ]
    },
    {
      "mode": "data",
      "type": "aws_subnets",
      "name": "default",
      "provider": "provider[\"registry.terraform.io/hashicorp/aws\"]",
      "instances": [
        {
          "schema_version": 0,
          "attributes": {
            "filter": [
              {
                "name": "vpc-id",
                "values": [
                  "vpc-04aa0871ae6967240"
                ]
              }
            ],
            "id": "us-east-1",
            "ids": [
              "subnet-07b95640978d93964",
              "subnet-00220804c631ab747",
              "subnet-05c5d336e5684cb48",
              "subnet-010c0538deeda8e93",
              "subnet-069e8ec364be9fcad",
              "subnet-03d89f88575433de3"
            ],
            "tags": null,
            "timeouts": null
          },
          "sensitive_attributes": [],
          "identity_schema_version": 0
        }
      ]
    },
    {
      "mode": "data",
      "type": "aws_vpc",
      "name": "default",
      "provider": "provider[\"registry.terraform.io/hashicorp/aws\"]",
      "instances": [
        {
          "schema_version": 0,
          "attributes": {
            "arn": "arn:aws:ec2:us-east-1:381492065562:vpc/vpc-04aa0871ae6967240",
            "cidr_block": "172.31.0.0/16",
            "cidr_block_associations": [
              {
                "association_id": "vpc-cidr-assoc-07b7b47cbb2eb09b3",
                "cidr_block": "172.31.0.0/16",
                "state": "associated"
              }
            ],
            "default": true,
            "dhcp_options_id": "dopt-091d5a8f5e6e7a2f6",
            "enable_dns_hostnames": true,
            "enable_dns_support": true,
            "enable_network_address_usage_metrics": false,
            "filter": null,
            "id": "vpc-04aa0871ae6967240",
            "instance_tenancy": "default",
            "ipv6_association_id": "",
            "ipv6_cidr_block": "",
            "main_route_table_id": "rtb-0b9f5fa3eb49f8aa3",
            "owner_id": "381492065562",
            "state": null,
            "tags": {},
            "timeouts": null
          },
          "sensitive_attributes": [],
          "identity_schema_version": 0
        }
      ]
    },
    {
      "mode": "managed",
      "type": "aws_ecs_cluster",
      "name": "locadora_cluster",
      "provider": "provider[\"registry.terraform.io/hashicorp/aws\"]",
      "instances": [
        {
          "schema_version": 0,
          "attributes": {
            "arn": "arn:aws:ecs:us-east-1:381492065562:cluster/locadora-cluster",
            "configuration": [],
            "id": "arn:aws:ecs:us-east-1:381492065562:cluster/locadora-cluster",
            "name": "locadora-cluster",
            "service_connect_defaults": [],
            "setting": [
              {
                "name": "containerInsights",
                "value": "disabled"
              }
            ],
            "tags": null,
            "tags_all": {}
          },
          "sensitive_attributes": [],
          "identity_schema_version": 0,
          "private": "bnVsbA=="
        }
      ]
    },
    {
      "mode": "managed",
      "type": "aws_ecs_service",
      "name": "locadora_service",
      "provider": "provider[\"registry.terraform.io/hashicorp/aws\"]",
      "instances": [
        {
          "schema_version": 1,
          "attributes": {
            "alarms": [],
            "availability_zone_rebalancing": "DISABLED",
            "capacity_provider_strategy": [],
            "cluster": "arn:aws:ecs:us-east-1:381492065562:cluster/locadora-cluster",
            "deployment_circuit_breaker": [
              {
                "enable": false,
                "rollback": false
              }
            ],
            "deployment_controller": [
              {
                "type": "ECS"
              }
            ],
            "deployment_maximum_percent": 200,
            "deployment_minimum_healthy_percent": 100,
            "desired_count": 1,
            "enable_ecs_managed_tags": false,
            "enable_execute_command": false,
            "force_delete": null,
            "force_new_deployment": null,
            "health_check_grace_period_seconds": 0,
            "iam_role": "/aws-service-role/ecs.amazonaws.com/AWSServiceRoleForECS",
            "id": "arn:aws:ecs:us-east-1:381492065562:service/locadora-cluster/locadora-service",
            "launch_type": "FARGATE",
            "load_balancer": [],
            "name": "locadora-service",
            "network_configuration": [
              {
                "assign_public_ip": true,
                "security_groups": [
                  "sg-0e04876702e6ab138"
                ],
                "subnets": [
                  "subnet-00220804c631ab747",
                  "subnet-010c0538deeda8e93",
                  "subnet-03d89f88575433de3",
                  "subnet-05c5d336e5684cb48",
                  "subnet-069e8ec364be9fcad",
                  "subnet-07b95640978d93964"
                ]
              }
            ],
            "ordered_placement_strategy": [],
            "placement_constraints": [],
            "platform_version": "LATEST",
            "propagate_tags": "NONE",
            "scheduling_strategy": "REPLICA",
            "service_connect_configuration": [],
            "service_registries": [],
            "tags": null,
            "tags_all": {},
            "task_definition": "arn:aws:ecs:us-east-1:381492065562:task-definition/locadora-task:8",
            "timeouts": null,
            "triggers": {},
            "volume_configuration": [],
            "vpc_lattice_configurations": [],
            "wait_for_steady_state": false
          },
          "sensitive_attributes": [],
          "identity_schema_version": 0,
          "private": "eyJlMmJmYjczMC1lY2FhLTExZTYtOGY4OC0zNDM2M2JjN2M0YzAiOnsiY3JlYXRlIjoxMjAwMDAwMDAwMDAwLCJkZWxldGUiOjEyMDAwMDAwMDAwMDAsInVwZGF0ZSI6MTIwMDAwMDAwMDAwMH0sInNjaGVtYV92ZXJzaW9uIjoiMSJ9",
          "dependencies": [
            "aws_ecs_cluster.locadora_cluster",
            "aws_ecs_task_definition.locadora_task",
            "aws_security_group.locadora_sg",
            "data.aws_subnets.default",
            "data.aws_vpc.default"
          ]
        }
      ]
    },
    {
      "mode": "managed",
      "type": "aws_ecs_task_definition",
      "name": "locadora_task",
      "provider": "provider[\"registry.terraform.io/hashicorp/aws\"]",
      "instances": [
        {
          "schema_version": 1,
          "attributes": {
            "arn": "arn:aws:ecs:us-east-1:381492065562:task-definition/locadora-task:8",
            "arn_without_revision": "arn:aws:ecs:us-east-1:381492065562:task-definition/locadora-task",
            "container_definitions": "[{\"environment\":[{\"name\":\"POSTGRES_DB\",\"value\":\"loc001\"},{\"name\":\"POSTGRES_PASSWORD\",\"value\":\"postgres\"},{\"name\":\"POSTGRES_USER\",\"value\":\"postgres\"}],\"essential\":true,\"image\":\"postgres:15\",\"mountPoints\":[],\"name\":\"db_postgres\",\"portMappings\":[{\"containerPort\":5432,\"hostPort\":5432,\"protocol\":\"tcp\"}],\"systemControls\":[],\"volumesFrom\":[]},{\"dependsOn\":[{\"condition\":\"START\",\"containerName\":\"db_postgres\"}],\"environment\":[{\"name\":\"PGADMIN_DEFAULT_EMAIL\",\"value\":\"postgres@gmail.com\"},{\"name\":\"PGADMIN_DEFAULT_PASSWORD\",\"value\":\"postgres\"}],\"essential\":false,\"image\":\"dpage/pgadmin4\",\"mountPoints\":[],\"name\":\"pg_admin\",\"portMappings\":[{\"containerPort\":80,\"hostPort\":80,\"protocol\":\"tcp\"}],\"systemControls\":[],\"volumesFrom\":[]},{\"dependsOn\":[{\"condition\":\"START\",\"containerName\":\"spring\"}],\"environment\":[],\"essential\":true,\"image\":\"matheusserafim/react-locadora:2.0\",\"mountPoints\":[],\"name\":\"react\",\"portMappings\":[{\"containerPort\":5173,\"hostPort\":5173,\"protocol\":\"tcp\"}],\"systemControls\":[],\"volumesFrom\":[]},{\"dependsOn\":[{\"condition\":\"START\",\"containerName\":\"db_postgres\"}],\"environment\":[{\"name\":\"SPRING_DATASOURCE_PASSWORD\",\"value\":\"postgres\"},{\"name\":\"SPRING_DATASOURCE_URL\",\"value\":\"jdbc:postgresql://localhost:5432/loc001\"},{\"name\":\"SPRING_DATASOURCE_USERNAME\",\"value\":\"postgres\"}],\"essential\":true,\"image\":\"matheusserafim/spring-boot-locadora:1.0\",\"mountPoints\":[],\"name\":\"spring\",\"portMappings\":[{\"containerPort\":8080,\"hostPort\":8080,\"protocol\":\"tcp\"}],\"systemControls\":[],\"volumesFrom\":[]}]",
            "cpu": "1024",
            "enable_fault_injection": false,
            "ephemeral_storage": [],
            "execution_role_arn": "",
            "family": "locadora-task",
            "id": "locadora-task",
            "inference_accelerator": [],
            "ipc_mode": "",
            "memory": "2048",
            "network_mode": "awsvpc",
            "pid_mode": "",
            "placement_constraints": [],
            "proxy_configuration": [],
            "requires_compatibilities": [
              "FARGATE"
            ],
            "revision": 8,
            "runtime_platform": [],
            "skip_destroy": false,
            "tags": null,
            "tags_all": {},
            "task_role_arn": "",
            "track_latest": false,
            "volume": []
          },
          "sensitive_attributes": [
            [
              {
                "type": "get_attr",
                "value": "container_definitions"
              }
            ]
          ],
          "identity_schema_version": 0,
          "private": "eyJzY2hlbWFfdmVyc2lvbiI6IjEifQ=="
        }
      ]
    },
    {
      "mode": "managed",
      "type": "aws_security_group",
      "name": "locadora_sg",
      "provider": "provider[\"registry.terraform.io/hashicorp/aws\"]",
      "instances": [
        {
          "schema_version": 1,
          "attributes": {
            "arn": "arn:aws:ec2:us-east-1:381492065562:security-group/sg-0e04876702e6ab138",
            "description": "SG para Locadora + Portainer",
            "egress": [
              {
                "cidr_blocks": [
                  "0.0.0.0/0"
                ],
                "description": "",
                "from_port": 0,
                "ipv6_cidr_blocks": [],
                "prefix_list_ids": [],
                "protocol": "-1",
                "security_groups": [],
                "self": false,
                "to_port": 0
              }
            ],
            "id": "sg-0e04876702e6ab138",
            "ingress": [
              {
                "cidr_blocks": [
                  "0.0.0.0/0"
                ],
                "description": "PgAdmin",
                "from_port": 80,
                "ipv6_cidr_blocks": [],
                "prefix_list_ids": [],
                "protocol": "tcp",
                "security_groups": [],
                "self": false,
                "to_port": 80
              },
              {
                "cidr_blocks": [
                  "0.0.0.0/0"
                ],
                "description": "Postgres",
                "from_port": 5432,
                "ipv6_cidr_blocks": [],
                "prefix_list_ids": [],
                "protocol": "tcp",
                "security_groups": [],
                "self": false,
                "to_port": 5432
              },
              {
                "cidr_blocks": [
                  "0.0.0.0/0"
                ],
                "description": "React Frontend",
                "from_port": 5173,
                "ipv6_cidr_blocks": [],
                "prefix_list_ids": [],
                "protocol": "tcp",
                "security_groups": [],
                "self": false,
                "to_port": 5173
              },
              {
                "cidr_blocks": [
                  "0.0.0.0/0"
                ],
                "description": "Spring Boot API",
                "from_port": 8080,
                "ipv6_cidr_blocks": [],
                "prefix_list_ids": [],
                "protocol": "tcp",
                "security_groups": [],
                "self": false,
                "to_port": 8080
              }
            ],
            "name": "locadora-security-group",
            "name_prefix": "",
            "owner_id": "381492065562",
            "revoke_rules_on_delete": false,
            "tags": null,
            "tags_all": {},
            "timeouts": null,
            "vpc_id": "vpc-04aa0871ae6967240"
          },
          "sensitive_attributes": [],
          "identity_schema_version": 0,
          "private": "eyJlMmJmYjczMC1lY2FhLTExZTYtOGY4OC0zNDM2M2JjN2M0YzAiOnsiY3JlYXRlIjo2MDAwMDAwMDAwMDAsImRlbGV0ZSI6OTAwMDAwMDAwMDAwfSwic2NoZW1hX3ZlcnNpb24iOiIxIn0=",
          "dependencies": [
            "data.aws_vpc.default"
          ]
        }
      ]
    }
  ],
  "check_results": null
}
